// !$*UTF8*$!
{
	archiveVersion = 1;
	classes = {
	};
	objectVersion = 51;
	objects = {

/* Begin PBXBuildFile section */
		0EE07630D14B0A82D3D52773 /* Pods_AirDrop2.framework in Frameworks */ = {isa = PBXBuildFile; fileRef = CDAE2E0581531151134876B5 /* Pods_AirDrop2.framework */; };
		95426B9E2413410600214C25 /* AppDelegate.swift in Sources */ = {isa = PBXBuildFile; fileRef = 95426B9D2413410600214C25 /* AppDelegate.swift */; };
		95426BA02413410600214C25 /* SceneDelegate.swift in Sources */ = {isa = PBXBuildFile; fileRef = 95426B9F2413410600214C25 /* SceneDelegate.swift */; };
		95426BA22413410600214C25 /* ViewController.swift in Sources */ = {isa = PBXBuildFile; fileRef = 95426BA12413410600214C25 /* ViewController.swift */; };
		95426BA52413410600214C25 /* Main.storyboard in Resources */ = {isa = PBXBuildFile; fileRef = 95426BA32413410600214C25 /* Main.storyboard */; };
		95426BA82413410600214C25 /* AirDrop2.xcdatamodeld in Sources */ = {isa = PBXBuildFile; fileRef = 95426BA62413410600214C25 /* AirDrop2.xcdatamodeld */; };
		95426BAA2413410A00214C25 /* Assets.xcassets in Resources */ = {isa = PBXBuildFile; fileRef = 95426BA92413410A00214C25 /* Assets.xcassets */; };
		95426BAD2413410A00214C25 /* LaunchScreen.storyboard in Resources */ = {isa = PBXBuildFile; fileRef = 95426BAB2413410A00214C25 /* LaunchScreen.storyboard */; };
/* End PBXBuildFile section */

/* Begin PBXFileReference section */
		3AC66FE3C7A16F3837A91034 /* Pods-AirDrop2.debug.xcconfig */ = {isa = PBXFileReference; includeInIndex = 1; lastKnownFileType = text.xcconfig; name = "Pods-AirDrop2.debug.xcconfig"; path = "Target Support Files/Pods-AirDrop2/Pods-AirDrop2.debug.xcconfig"; sourceTree = "<group>"; };
		95426B9A2413410600214C25 /* AirDrop2.app */ = {isa = PBXFileReference; explicitFileType = wrapper.application; includeInIndex = 0; path = AirDrop2.app; sourceTree = BUILT_PRODUCTS_DIR; };
		95426B9D2413410600214C25 /* AppDelegate.swift */ = {isa = PBXFileReference; lastKnownFileType = sourcecode.swift; path = AppDelegate.swift; sourceTree = "<group>"; };
		95426B9F2413410600214C25 /* SceneDelegate.swift */ = {isa = PBXFileReference; lastKnownFileType = sourcecode.swift; path = SceneDelegate.swift; sourceTree = "<group>"; };
		95426BA12413410600214C25 /* ViewController.swift */ = {isa = PBXFileReference; lastKnownFileType = sourcecode.swift; path = ViewController.swift; sourceTree = "<group>"; };
		95426BA42413410600214C25 /* Base */ = {isa = PBXFileReference; lastKnownFileType = file.storyboard; name = Base; path = Base.lproj/Main.storyboard; sourceTree = "<group>"; };
		95426BA72413410600214C25 /* AirDrop2.xcdatamodel */ = {isa = PBXFileReference; lastKnownFileType = wrapper.xcdatamodel; path = AirDrop2.xcdatamodel; sourceTree = "<group>"; };
		95426BA92413410A00214C25 /* Assets.xcassets */ = {isa = PBXFileReference; lastKnownFileType = folder.assetcatalog; path = Assets.xcassets; sourceTree = "<group>"; };
		95426BAC2413410A00214C25 /* Base */ = {isa = PBXFileReference; lastKnownFileType = file.storyboard; name = Base; path = Base.lproj/LaunchScreen.storyboard; sourceTree = "<group>"; };
		95426BAE2413410A00214C25 /* Info.plist */ = {isa = PBXFileReference; lastKnownFileType = text.plist.xml; path = Info.plist; sourceTree = "<group>"; };
		CDAE2E0581531151134876B5 /* Pods_AirDrop2.framework */ = {isa = PBXFileReference; explicitFileType = wrapper.framework; includeInIndex = 0; path = Pods_AirDrop2.framework; sourceTree = BUILT_PRODUCTS_DIR; };
		D77C34224AF5CB7CFB30A403 /* Pods-AirDrop2.release.xcconfig */ = {isa = PBXFileReference; includeInIndex = 1; lastKnownFileType = text.xcconfig; name = "Pods-AirDrop2.release.xcconfig"; path = "Target Support Files/Pods-AirDrop2/Pods-AirDrop2.release.xcconfig"; sourceTree = "<group>"; };
/* End PBXFileReference section */

/* Begin PBXFrameworksBuildPhase section */
		95426B972413410600214C25 /* Frameworks */ = {
			isa = PBXFrameworksBuildPhase;
			buildActionMask = 2147483647;
			files = (
				0EE07630D14B0A82D3D52773 /* Pods_AirDrop2.framework in Frameworks */,
			);
			runOnlyForDeploymentPostprocessing = 0;
		};
/* End PBXFrameworksBuildPhase section */

/* Begin PBXGroup section */
		95426B912413410600214C25 = {
			isa = PBXGroup;
			children = (
				95426B9C2413410600214C25 /* AirDrop2 */,
				95426B9B2413410600214C25 /* Products */,
				B2FFA0670E5D3838E1961475 /* Pods */,
				B4DCDE05A0BBCFE0339B987A /* Frameworks */,
			);
			sourceTree = "<group>";
		};
		95426B9B2413410600214C25 /* Products */ = {
			isa = PBXGroup;
			children = (
				95426B9A2413410600214C25 /* AirDrop2.app */,
			);
			name = Products;
			sourceTree = "<group>";
		};
		95426B9C2413410600214C25 /* AirDrop2 */ = {
			isa = PBXGroup;
			children = (
				95426B9D2413410600214C25 /* AppDelegate.swift */,
				95426B9F2413410600214C25 /* SceneDelegate.swift */,
				95426BA12413410600214C25 /* ViewController.swift */,
				95426BA32413410600214C25 /* Main.storyboard */,
				95426BA92413410A00214C25 /* Assets.xcassets */,
				95426BAB2413410A00214C25 /* LaunchScreen.storyboard */,
				95426BAE2413410A00214C25 /* Info.plist */,
				95426BA62413410600214C25 /* AirDrop2.xcdatamodeld */,
			);
			path = AirDrop2;
			sourceTree = "<group>";
		};
		B2FFA0670E5D3838E1961475 /* Pods */ = {
			isa = PBXGroup;
			children = (
				3AC66FE3C7A16F3837A91034 /* Pods-AirDrop2.debug.xcconfig */,
				D77C34224AF5CB7CFB30A403 /* Pods-AirDrop2.release.xcconfig */,
			);
			path = Pods;
			sourceTree = "<group>";
		};
		B4DCDE05A0BBCFE0339B987A /* Frameworks */ = {
			isa = PBXGroup;
			children = (
				CDAE2E0581531151134876B5 /* Pods_AirDrop2.framework */,
			);
			name = Frameworks;
			sourceTree = "<group>";
		};
/* End PBXGroup section */

/* Begin PBXNativeTarget section */
		95426B992413410600214C25 /* AirDrop2 */ = {
			isa = PBXNativeTarget;
			buildConfigurationList = 95426BB12413410A00214C25 /* Build configuration list for PBXNativeTarget "AirDrop2" */;
			buildPhases = (
				66941CF325C1469FE4683EB3 /* [CP] Check Pods Manifest.lock */,
				95426B962413410600214C25 /* Sources */,
				95426B972413410600214C25 /* Frameworks */,
				95426B982413410600214C25 /* Resources */,
				AA0D30C33059CC563E6B7D46 /* [CP] Embed Pods Frameworks */,
			);
			buildRules = (
			);
			dependencies = (
			);
			name = AirDrop2;
			productName = AirDrop2;
			productReference = 95426B9A2413410600214C25 /* AirDrop2.app */;
			productType = "com.apple.product-type.application";
		};
/* End PBXNativeTarget section */

/* Begin PBXProject section */
		95426B922413410600214C25 /* Project object */ = {
			isa = PBXProject;
			attributes = {
				LastSwiftUpdateCheck = 1130;
				LastUpgradeCheck = 1130;
				ORGANIZATIONNAME = "Ari Wasch";
				TargetAttributes = {
					95426B992413410600214C25 = {
						CreatedOnToolsVersion = 11.3;
					};
				};
			};
			buildConfigurationList = 95426B952413410600214C25 /* Build configuration list for PBXProject "AirDrop2" */;
			compatibilityVersion = "Xcode 9.3";
			developmentRegion = en;
			hasScannedForEncodings = 0;
			knownRegions = (
				en,
				Base,
			);
			mainGroup = 95426B912413410600214C25;
			productRefGroup = 95426B9B2413410600214C25 /* Products */;
			projectDirPath = "";
			projectRoot = "";
			targets = (
				95426B992413410600214C25 /* AirDrop2 */,
			);
		};
/* End PBXProject section */

/* Begin PBXResourcesBuildPhase section */
		95426B982413410600214C25 /* Resources */ = {
			isa = PBXResourcesBuildPhase;
			buildActionMask = 2147483647;
			files = (
				95426BAD2413410A00214C25 /* LaunchScreen.storyboard in Resources */,
				95426BAA2413410A00214C25 /* Assets.xcassets in Resources */,
				95426BA52413410600214C25 /* Main.storyboard in Resources */,
			);
			runOnlyForDeploymentPostprocessing = 0;
		};
/* End PBXResourcesBuildPhase section */

/* Begin PBXShellScriptBuildPhase section */
		66941CF325C1469FE4683EB3 /* [CP] Check Pods Manifest.lock */ = {
			isa = PBXShellScriptBuildPhase;
			buildActionMask = 2147483647;
			files = (
			);
			inputFileListPaths = (
			);
			inputPaths = (
				"${PODS_PODFILE_DIR_PATH}/Podfile.lock",
				"${PODS_ROOT}/Manifest.lock",
			);
			name = "[CP] Check Pods Manifest.lock";
			outputFileListPaths = (
			);
			outputPaths = (
				"$(DERIVED_FILE_DIR)/Pods-AirDrop2-checkManifestLockResult.txt",
			);
			runOnlyForDeploymentPostprocessing = 0;
			shellPath = /bin/sh;
			shellScript = "diff \"${PODS_PODFILE_DIR_PATH}/Podfile.lock\" \"${PODS_ROOT}/Manifest.lock\" > /dev/null\nif [ $? != 0 ] ; then\n    # print error to STDERR\n    echo \"error: The sandbox is not in sync with the Podfile.lock. Run 'pod install' or update your CocoaPods installation.\" >&2\n    exit 1\nfi\n# This output is used by Xcode 'outputs' to avoid re-running this script phase.\necho \"SUCCESS\" > \"${SCRIPT_OUTPUT_FILE_0}\"\n";
			showEnvVarsInLog = 0;
		};
		AA0D30C33059CC563E6B7D46 /* [CP] Embed Pods Frameworks */ = {
			isa = PBXShellScriptBuildPhase;
			buildActionMask = 2147483647;
			files = (
			);
			inputFileListPaths = (
				"${PODS_ROOT}/Target Support Files/Pods-AirDrop2/Pods-AirDrop2-frameworks-${CONFIGURATION}-input-files.xcfilelist",
			);
			name = "[CP] Embed Pods Frameworks";
			outputFileListPaths = (
				"${PODS_ROOT}/Target Support Files/Pods-AirDrop2/Pods-AirDrop2-frameworks-${CONFIGURATION}-output-files.xcfilelist",
			);
			runOnlyForDeploymentPostprocessing = 0;
			shellPath = /bin/sh;
			shellScript = "\"${PODS_ROOT}/Target Support Files/Pods-AirDrop2/Pods-AirDrop2-frameworks.sh\"\n";
			showEnvVarsInLog = 0;
		};
/* End PBXShellScriptBuildPhase section */

/* Begin PBXSourcesBuildPhase section */
		95426B962413410600214C25 /* Sources */ = {
			isa = PBXSourcesBuildPhase;
			buildActionMask = 2147483647;
			files = (
				95426BA82413410600214C25 /* AirDrop2.xcdatamodeld in Sources */,
				95426BA22413410600214C25 /* ViewController.swift in Sources */,
				95426B9E2413410600214C25 /* AppDelegate.swift in Sources */,
				95426BA02413410600214C25 /* SceneDelegate.swift in Sources */,
			);
			runOnlyForDeploymentPostprocessing = 0;
		};
/* End PBXSourcesBuildPhase section */

/* Begin PBXVariantGroup section */
		95426BA32413410600214C25 /* Main.storyboard */ = {
			isa = PBXVariantGroup;
			children = (
				95426BA42413410600214C25 /* Base */,
			);
			name = Main.storyboard;
			sourceTree = "<group>";
		};
		95426BAB2413410A00214C25 /* LaunchScreen.storyboard */ = {
			isa = PBXVariantGroup;
			children = (
				95426BAC2413410A00214C25 /* Base */,
			);
			name = LaunchScreen.storyboard;
			sourceTree = "<group>";
		};
/* End PBXVariantGroup section */

/* Begin XCBuildConfiguration section */
		95426BAF2413410A00214C25 /* Debug */ = {
			isa = XCBuildConfiguration;
			buildSettings = {
				ALWAYS_SEARCH_USER_PATHS = NO;
				CLANG_ANALYZER_NONNULL = YES;
				CLANG_ANALYZER_NUMBER_OBJECT_CONVERSION = YES_AGGRESSIVE;
				CLANG_CXX_LANGUAGE_STANDARD = "gnu++14";
				CLANG_CXX_LIBRARY = "libc++";
				CLANG_ENABLE_MODULES = YES;
				CLANG_ENABLE_OBJC_ARC = YES;
				CLANG_ENABLE_OBJC_WEAK = YES;
				CLANG_WARN_BLOCK_CAPTURE_AUTORELEASING = YES;
				CLANG_WARN_BOOL_CONVERSION = YES;
				CLANG_WARN_COMMA = YES;
				CLANG_WARN_CONSTANT_CONVERSION = YES;
				CLANG_WARN_DEPRECATED_OBJC_IMPLEMENTATIONS = YES;
				CLANG_WARN_DIRECT_OBJC_ISA_USAGE = YES_ERROR;
				CLANG_WARN_DOCUMENTATION_COMMENTS = YES;
				CLANG_WARN_EMPTY_BODY = YES;
				CLANG_WARN_ENUM_CONVERSION = YES;
				CLANG_WARN_INFINITE_RECURSION = YES;
				CLANG_WARN_INT_CONVERSION = YES;
				CLANG_WARN_NON_LITERAL_NULL_CONVERSION = YES;
				CLANG_WARN_OBJC_IMPLICIT_RETAIN_SELF = YES;
				CLANG_WARN_OBJC_LITERAL_CONVERSION = YES;
				CLANG_WARN_OBJC_ROOT_CLASS = YES_ERROR;
				CLANG_WARN_RANGE_LOOP_ANALYSIS = YES;
				CLANG_WARN_STRICT_PROTOTYPES = YES;
				CLANG_WARN_SUSPICIOUS_MOVE = YES;
				CLANG_WARN_UNGUARDED_AVAILABILITY = YES_AGGRESSIVE;
				CLANG_WARN_UNREACHABLE_CODE = YES;
				CLANG_WARN__DUPLICATE_METHOD_MATCH = YES;
				COPY_PHASE_STRIP = NO;
				DEBUG_INFORMATION_FORMAT = dwarf;
				ENABLE_STRICT_OBJC_MSGSEND = YES;
				ENABLE_TESTABILITY = YES;
				GCC_C_LANGUAGE_STANDARD = gnu11;
				GCC_DYNAMIC_NO_PIC = NO;
				GCC_NO_COMMON_BLOCKS = YES;
				GCC_OPTIMIZATION_LEVEL = 0;
				GCC_PREPROCESSOR_DEFINITIONS = (
					"DEBUG=1",
					"$(inherited)",
				);
				GCC_WARN_64_TO_32_BIT_CONVERSION = YES;
				GCC_WARN_ABOUT_RETURN_TYPE = YES_ERROR;
				GCC_WARN_UNDECLARED_SELECTOR = YES;
				GCC_WARN_UNINITIALIZED_AUTOS = YES_AGGRESSIVE;
				GCC_WARN_UNUSED_FUNCTION = YES;
				GCC_WARN_UNUSED_VARIABLE = YES;
				IPHONEOS_DEPLOYMENT_TARGET = 13.2;
				MTL_ENABLE_DEBUG_INFO = INCLUDE_SOURCE;
				MTL_FAST_MATH = YES;
				ONLY_ACTIVE_ARCH = YES;
				SDKROOT = iphoneos;
				SWIFT_ACTIVE_COMPILATION_CONDITIONS = DEBUG;
				SWIFT_OPTIMIZATION_LEVEL = "-Onone";
			};
			name = Debug;
		};
		95426BB02413410A00214C25 /* Release */ = {
			isa = XCBuildConfiguration;
			buildSettings = {
				ALWAYS_SEARCH_USER_PATHS = NO;
				CLANG_ANALYZER_NONNULL = YES;
				CLANG_ANALYZER_NUMBER_OBJECT_CONVERSION = YES_AGGRESSIVE;
				CLANG_CXX_LANGUAGE_STANDARD = "gnu++14";
				CLANG_CXX_LIBRARY = "libc++";
				CLANG_ENABLE_MODULES = YES;
				CLANG_ENABLE_OBJC_ARC = YES;
				CLANG_ENABLE_OBJC_WEAK = YES;
				CLANG_WARN_BLOCK_CAPTURE_AUTORELEASING = YES;
				CLANG_WARN_BOOL_CONVERSION = YES;
				CLANG_WARN_COMMA = YES;
				CLANG_WARN_CONSTANT_CONVERSION = YES;
				CLANG_WARN_DEPRECATED_OBJC_IMPLEMENTATIONS = YES;
				CLANG_WARN_DIRECT_OBJC_ISA_USAGE = YES_ERROR;
				CLANG_WARN_DOCUMENTATION_COMMENTS = YES;
				CLANG_WARN_EMPTY_BODY = YES;
				CLANG_WARN_ENUM_CONVERSION = YES;
				CLANG_WARN_INFINITE_RECURSION = YES;
				CLANG_WARN_INT_CONVERSION = YES;
				CLANG_WARN_NON_LITERAL_NULL_CONVERSION = YES;
				CLANG_WARN_OBJC_IMPLICIT_RETAIN_SELF = YES;
				CLANG_WARN_OBJC_LITERAL_CONVERSION = YES;
				CLANG_WARN_OBJC_ROOT_CLASS = YES_ERROR;
				CLANG_WARN_RANGE_LOOP_ANALYSIS = YES;
				CLANG_WARN_STRICT_PROTOTYPES = YES;
				CLANG_WARN_SUSPICIOUS_MOVE = YES;
				CLANG_WARN_UNGUARDED_AVAILABILITY = YES_AGGRESSIVE;
				CLANG_WARN_UNREACHABLE_CODE = YES;
				CLANG_WARN__DUPLICATE_METHOD_MATCH = YES;
				COPY_PHASE_STRIP = NO;
				DEBUG_INFORMATION_FORMAT = "dwarf-with-dsym";
				ENABLE_NS_ASSERTIONS = NO;
				ENABLE_STRICT_OBJC_MSGSEND = YES;
				GCC_C_LANGUAGE_STANDARD = gnu11;
				GCC_NO_COMMON_BLOCKS = YES;
				GCC_WARN_64_TO_32_BIT_CONVERSION = YES;
				GCC_WARN_ABOUT_RETURN_TYPE = YES_ERROR;
				GCC_WARN_UNDECLARED_SELECTOR = YES;
				GCC_WARN_UNINITIALIZED_AUTOS = YES_AGGRESSIVE;
				GCC_WARN_UNUSED_FUNCTION = YES;
				GCC_WARN_UNUSED_VARIABLE = YES;
				IPHONEOS_DEPLOYMENT_TARGET = 13.2;
				MTL_ENABLE_DEBUG_INFO = NO;
				MTL_FAST_MATH = YES;
				SDKROOT = iphoneos;
				SWIFT_COMPILATION_MODE = wholemodule;
				SWIFT_OPTIMIZATION_LEVEL = "-O";
				VALIDATE_PRODUCT = YES;
			};
			name = Release;
		};
		95426BB22413410A00214C25 /* Debug */ = {
			isa = XCBuildConfiguration;
			baseConfigurationReference = 3AC66FE3C7A16F3837A91034 /* Pods-AirDrop2.debug.xcconfig */;
			buildSettings = {
				ASSETCATALOG_COMPILER_APPICON_NAME = AppIcon;
				CODE_SIGN_STYLE = Automatic;
				CURRENT_PROJECT_VERSION = 10;
				DEVELOPMENT_TEAM = 3K6Q4C6RYZ;
				INFOPLIST_FILE = AirDrop2/Info.plist;
				IPHONEOS_DEPLOYMENT_TARGET = 13.0;
				LD_RUNPATH_SEARCH_PATHS = (
					"$(inherited)",
					"@executable_path/Frameworks",
				);
				MARKETING_VERSION = 1.1.0;
				PRODUCT_BUNDLE_IDENTIFIER = "Ari-Wasch.AirDrop2";
				PRODUCT_NAME = "$(TARGET_NAME)";
				SWIFT_VERSION = 5.0;
				TARGETED_DEVICE_FAMILY = 1;
			};
			name = Debug;
		};
		95426BB32413410A00214C25 /* Release */ = {
			isa = XCBuildConfiguration;
			baseConfigurationReference = D77C34224AF5CB7CFB30A403 /* Pods-AirDrop2.release.xcconfig */;
			buildSettings = {
				ASSETCATALOG_COMPILER_APPICON_NAME = AppIcon;
				CODE_SIGN_STYLE = Automatic;
				CURRENT_PROJECT_VERSION = 10;
				DEVELOPMENT_TEAM = 3K6Q4C6RYZ;
				INFOPLIST_FILE = AirDrop2/Info.plist;
				IPHONEOS_DEPLOYMENT_TARGET = 13.0;
				LD_RUNPATH_SEARCH_PATHS = (
					"$(inherited)",
					"@executable_path/Frameworks",
				);
				MARKETING_VERSION = 1.1.0;
				PRODUCT_BUNDLE_IDENTIFIER = "Ari-Wasch.AirDrop2";
				PRODUCT_NAME = "$(TARGET_NAME)";
				SWIFT_VERSION = 5.0;
				TARGETED_DEVICE_FAMILY = 1;
			};
			name = Release;
		};
/* End XCBuildConfiguration section */

/* Begin XCConfigurationList section */
		95426B952413410600214C25 /* Build configuration list for PBXProject "AirDrop2" */ = {
			isa = XCConfigurationList;
			buildConfigurations = (
				95426BAF2413410A00214C25 /* Debug */,
				95426BB02413410A00214C25 /* Release */,
			);
			defaultConfigurationIsVisible = 0;
			defaultConfigurationName = Release;
		};
		95426BB12413410A00214C25 /* Build configuration list for PBXNativeTarget "AirDrop2" */ = {
			isa = XCConfigurationList;
			buildConfigurations = (
				95426BB22413410A00214C25 /* Debug */,
				95426BB32413410A00214C25 /* Release */,
			);
			defaultConfigurationIsVisible = 0;
			defaultConfigurationName = Release;
		};
/* End XCConfigurationList section */

/* Begin XCVersionGroup section */
		95426BA62413410600214C25 /* AirDrop2.xcdatamodeld */ = {
			isa = XCVersionGroup;
			children = (
				95426BA72413410600214C25 /* AirDrop2.xcdatamodel */,
			);
			currentVersion = 95426BA72413410600214C25 /* AirDrop2.xcdatamodel */;
			path = AirDrop2.xcdatamodeld;
			sourceTree = "<group>";
			versionGroupType = wrapper.xcdatamodel;
		};
/* End XCVersionGroup section */
	};
	rootObject = 95426B922413410600214C25 /* Project object */;
}
